
Microsoft Visual Studio Solution File, Format Version 12.00
# Visual Studio Version 17
VisualStudioVersion = 17.7.34031.279
MinimumVisualStudioVersion = 10.0.40219.1
Project("{FAE04EC0-301F-11D3-BF4B-00C04F79EFBC}") = "077_Конструктор_В_Классе_Building", "077_Конструктор_В_Классе_Building.csproj", "{605C1DC2-53F6-45EE-BFA8-7C0E28650EC1}"
EndProject
Global
	GlobalSection(SolutionConfigurationPlatforms) = preSolution
		Debug|Any CPU = Debug|Any CPU
		Release|Any CPU = Release|Any CPU
	EndGlobalSection
	GlobalSection(ProjectConfigurationPlatforms) = postSolution
		{605C1DC2-53F6-45EE-BFA8-7C0E28650EC1}.Debug|Any CPU.ActiveCfg = Debug|Any CPU
		{605C1DC2-53F6-45EE-BFA8-7C0E28650EC1}.Debug|Any CPU.Build.0 = Debug|Any CPU
		{605C1DC2-53F6-45EE-BFA8-7C0E28650EC1}.Release|Any CPU.ActiveCfg = Release|Any CPU
		{605C1DC2-53F6-45EE-BFA8-7C0E28650EC1}.Release|Any CPU.Build.0 = Release|Any CPU
	EndGlobalSection
	GlobalSection(SolutionProperties) = preSolution
		HideSolutionNode = FALSE
	EndGlobalSection
	GlobalSection(ExtensibilityGlobals) = postSolution
		SolutionGuid = {41200301-28EC-4350-967F-28115FBFF7F6}
	EndGlobalSection
EndGlobal
