
Microsoft Visual Studio Solution File, Format Version 12.00
# Visual Studio Version 17
VisualStudioVersion = 17.7.34031.279
MinimumVisualStudioVersion = 10.0.40219.1
Project("{FAE04EC0-301F-11D3-BF4B-00C04F79EFBC}") = "Самостоятельная_Работа_6_2", "Самостоятельная_Работа_6_2.csproj", "{BBA5A4CE-2753-4C94-9153-F0D7059D67D1}"
EndProject
Global
	GlobalSection(SolutionConfigurationPlatforms) = preSolution
		Debug|Any CPU = Debug|Any CPU
		Release|Any CPU = Release|Any CPU
	EndGlobalSection
	GlobalSection(ProjectConfigurationPlatforms) = postSolution
		{BBA5A4CE-2753-4C94-9153-F0D7059D67D1}.Debug|Any CPU.ActiveCfg = Debug|Any CPU
		{BBA5A4CE-2753-4C94-9153-F0D7059D67D1}.Debug|Any CPU.Build.0 = Debug|Any CPU
		{BBA5A4CE-2753-4C94-9153-F0D7059D67D1}.Release|Any CPU.ActiveCfg = Release|Any CPU
		{BBA5A4CE-2753-4C94-9153-F0D7059D67D1}.Release|Any CPU.Build.0 = Release|Any CPU
	EndGlobalSection
	GlobalSection(SolutionProperties) = preSolution
		HideSolutionNode = FALSE
	EndGlobalSection
	GlobalSection(ExtensibilityGlobals) = postSolution
		SolutionGuid = {B46D999F-718F-4E83-8FE4-95BBDA7BCDA8}
	EndGlobalSection
EndGlobal
