
Microsoft Visual Studio Solution File, Format Version 12.00
# Visual Studio Version 17
VisualStudioVersion = 17.7.34031.279
MinimumVisualStudioVersion = 10.0.40219.1
Project("{FAE04EC0-301F-11D3-BF4B-00C04F79EFBC}") = "3_6_Оператор_выбора_с_пустыми_case_блоками", "3_6_Оператор_выбора_с_пустыми_case_блоками.csproj", "{D63403FE-6314-4B73-83B5-3D55E6427E3B}"
EndProject
Global
	GlobalSection(SolutionConfigurationPlatforms) = preSolution
		Debug|Any CPU = Debug|Any CPU
		Release|Any CPU = Release|Any CPU
	EndGlobalSection
	GlobalSection(ProjectConfigurationPlatforms) = postSolution
		{D63403FE-6314-4B73-83B5-3D55E6427E3B}.Debug|Any CPU.ActiveCfg = Debug|Any CPU
		{D63403FE-6314-4B73-83B5-3D55E6427E3B}.Debug|Any CPU.Build.0 = Debug|Any CPU
		{D63403FE-6314-4B73-83B5-3D55E6427E3B}.Release|Any CPU.ActiveCfg = Release|Any CPU
		{D63403FE-6314-4B73-83B5-3D55E6427E3B}.Release|Any CPU.Build.0 = Release|Any CPU
	EndGlobalSection
	GlobalSection(SolutionProperties) = preSolution
		HideSolutionNode = FALSE
	EndGlobalSection
	GlobalSection(ExtensibilityGlobals) = postSolution
		SolutionGuid = {2B9D1323-1711-44AC-88A8-F3732A812372}
	EndGlobalSection
EndGlobal
