
Microsoft Visual Studio Solution File, Format Version 12.00
# Visual Studio Version 17
VisualStudioVersion = 17.7.34031.279
MinimumVisualStudioVersion = 10.0.40219.1
Project("{FAE04EC0-301F-11D3-BF4B-00C04F79EFBC}") = "060_Do_While_Цифры_Числа_Обратный_Порядок", "060_Do_While_Цифры_Числа_Обратный_Порядок.csproj", "{4066505F-53B8-45C9-9A65-596A5A62A023}"
EndProject
Global
	GlobalSection(SolutionConfigurationPlatforms) = preSolution
		Debug|Any CPU = Debug|Any CPU
		Release|Any CPU = Release|Any CPU
	EndGlobalSection
	GlobalSection(ProjectConfigurationPlatforms) = postSolution
		{4066505F-53B8-45C9-9A65-596A5A62A023}.Debug|Any CPU.ActiveCfg = Debug|Any CPU
		{4066505F-53B8-45C9-9A65-596A5A62A023}.Debug|Any CPU.Build.0 = Debug|Any CPU
		{4066505F-53B8-45C9-9A65-596A5A62A023}.Release|Any CPU.ActiveCfg = Release|Any CPU
		{4066505F-53B8-45C9-9A65-596A5A62A023}.Release|Any CPU.Build.0 = Release|Any CPU
	EndGlobalSection
	GlobalSection(SolutionProperties) = preSolution
		HideSolutionNode = FALSE
	EndGlobalSection
	GlobalSection(ExtensibilityGlobals) = postSolution
		SolutionGuid = {A1A17851-939B-4C7D-83B0-EF4B48D180CC}
	EndGlobalSection
EndGlobal
