
Microsoft Visual Studio Solution File, Format Version 12.00
# Visual Studio Version 17
VisualStudioVersion = 17.7.34031.279
MinimumVisualStudioVersion = 10.0.40219.1
Project("{FAE04EC0-301F-11D3-BF4B-00C04F79EFBC}") = "4_1_Создание_одномерного_числового_массива", "4_1_Создание_одномерного_числового_массива.csproj", "{6229395F-CF30-4966-9178-19364E8065CD}"
EndProject
Global
	GlobalSection(SolutionConfigurationPlatforms) = preSolution
		Debug|Any CPU = Debug|Any CPU
		Release|Any CPU = Release|Any CPU
	EndGlobalSection
	GlobalSection(ProjectConfigurationPlatforms) = postSolution
		{6229395F-CF30-4966-9178-19364E8065CD}.Debug|Any CPU.ActiveCfg = Debug|Any CPU
		{6229395F-CF30-4966-9178-19364E8065CD}.Debug|Any CPU.Build.0 = Debug|Any CPU
		{6229395F-CF30-4966-9178-19364E8065CD}.Release|Any CPU.ActiveCfg = Release|Any CPU
		{6229395F-CF30-4966-9178-19364E8065CD}.Release|Any CPU.Build.0 = Release|Any CPU
	EndGlobalSection
	GlobalSection(SolutionProperties) = preSolution
		HideSolutionNode = FALSE
	EndGlobalSection
	GlobalSection(ExtensibilityGlobals) = postSolution
		SolutionGuid = {A8F6F7E6-BBD9-437A-BED3-C076349DED85}
	EndGlobalSection
EndGlobal
