
Microsoft Visual Studio Solution File, Format Version 12.00
# Visual Studio Version 17
VisualStudioVersion = 17.7.34031.279
MinimumVisualStudioVersion = 10.0.40219.1
Project("{FAE04EC0-301F-11D3-BF4B-00C04F79EFBC}") = "097_Поиск_в_Массиве_с_Помощью_foreach", "097_Поиск_в_Массиве_с_Помощью_foreach.csproj", "{C982DF97-8A48-428F-8AB8-933D77D8F821}"
EndProject
Global
	GlobalSection(SolutionConfigurationPlatforms) = preSolution
		Debug|Any CPU = Debug|Any CPU
		Release|Any CPU = Release|Any CPU
	EndGlobalSection
	GlobalSection(ProjectConfigurationPlatforms) = postSolution
		{C982DF97-8A48-428F-8AB8-933D77D8F821}.Debug|Any CPU.ActiveCfg = Debug|Any CPU
		{C982DF97-8A48-428F-8AB8-933D77D8F821}.Debug|Any CPU.Build.0 = Debug|Any CPU
		{C982DF97-8A48-428F-8AB8-933D77D8F821}.Release|Any CPU.ActiveCfg = Release|Any CPU
		{C982DF97-8A48-428F-8AB8-933D77D8F821}.Release|Any CPU.Build.0 = Release|Any CPU
	EndGlobalSection
	GlobalSection(SolutionProperties) = preSolution
		HideSolutionNode = FALSE
	EndGlobalSection
	GlobalSection(ExtensibilityGlobals) = postSolution
		SolutionGuid = {BFCE3B7E-8F67-42E6-8E1C-AC378F5CB892}
	EndGlobalSection
EndGlobal
