
Microsoft Visual Studio Solution File, Format Version 12.00
# Visual Studio Version 17
VisualStudioVersion = 17.7.34031.279
MinimumVisualStudioVersion = 10.0.40219.1
Project("{FAE04EC0-301F-11D3-BF4B-00C04F79EFBC}") = "092_Length_В_Зубчатых_Массивах", "092_Length_В_Зубчатых_Массивах.csproj", "{AF6189CB-668F-48BB-90E9-2368B007AB59}"
EndProject
Global
	GlobalSection(SolutionConfigurationPlatforms) = preSolution
		Debug|Any CPU = Debug|Any CPU
		Release|Any CPU = Release|Any CPU
	EndGlobalSection
	GlobalSection(ProjectConfigurationPlatforms) = postSolution
		{AF6189CB-668F-48BB-90E9-2368B007AB59}.Debug|Any CPU.ActiveCfg = Debug|Any CPU
		{AF6189CB-668F-48BB-90E9-2368B007AB59}.Debug|Any CPU.Build.0 = Debug|Any CPU
		{AF6189CB-668F-48BB-90E9-2368B007AB59}.Release|Any CPU.ActiveCfg = Release|Any CPU
		{AF6189CB-668F-48BB-90E9-2368B007AB59}.Release|Any CPU.Build.0 = Release|Any CPU
	EndGlobalSection
	GlobalSection(SolutionProperties) = preSolution
		HideSolutionNode = FALSE
	EndGlobalSection
	GlobalSection(ExtensibilityGlobals) = postSolution
		SolutionGuid = {0452BAC8-A3D3-4081-A3CD-F68504579A86}
	EndGlobalSection
EndGlobal
