
Microsoft Visual Studio Solution File, Format Version 12.00
# Visual Studio Version 17
VisualStudioVersion = 17.7.34031.279
MinimumVisualStudioVersion = 10.0.40219.1
Project("{FAE04EC0-301F-11D3-BF4B-00C04F79EFBC}") = "061_Оператор_break", "061_Оператор_break.csproj", "{7ED91227-4A91-40A6-B206-851BECC12A14}"
EndProject
Global
	GlobalSection(SolutionConfigurationPlatforms) = preSolution
		Debug|Any CPU = Debug|Any CPU
		Release|Any CPU = Release|Any CPU
	EndGlobalSection
	GlobalSection(ProjectConfigurationPlatforms) = postSolution
		{7ED91227-4A91-40A6-B206-851BECC12A14}.Debug|Any CPU.ActiveCfg = Debug|Any CPU
		{7ED91227-4A91-40A6-B206-851BECC12A14}.Debug|Any CPU.Build.0 = Debug|Any CPU
		{7ED91227-4A91-40A6-B206-851BECC12A14}.Release|Any CPU.ActiveCfg = Release|Any CPU
		{7ED91227-4A91-40A6-B206-851BECC12A14}.Release|Any CPU.Build.0 = Release|Any CPU
	EndGlobalSection
	GlobalSection(SolutionProperties) = preSolution
		HideSolutionNode = FALSE
	EndGlobalSection
	GlobalSection(ExtensibilityGlobals) = postSolution
		SolutionGuid = {92A2A3F2-457F-4F1B-A9EB-7B3239D6E404}
	EndGlobalSection
EndGlobal
