
Microsoft Visual Studio Solution File, Format Version 12.00
# Visual Studio Version 17
VisualStudioVersion = 17.7.34031.279
MinimumVisualStudioVersion = 10.0.40219.1
Project("{FAE04EC0-301F-11D3-BF4B-00C04F79EFBC}") = "030_Операция_Импликации", "030_Операция_Импликации.csproj", "{32413291-2240-4C8E-8800-3F1A13AB110B}"
EndProject
Global
	GlobalSection(SolutionConfigurationPlatforms) = preSolution
		Debug|Any CPU = Debug|Any CPU
		Release|Any CPU = Release|Any CPU
	EndGlobalSection
	GlobalSection(ProjectConfigurationPlatforms) = postSolution
		{32413291-2240-4C8E-8800-3F1A13AB110B}.Debug|Any CPU.ActiveCfg = Debug|Any CPU
		{32413291-2240-4C8E-8800-3F1A13AB110B}.Debug|Any CPU.Build.0 = Debug|Any CPU
		{32413291-2240-4C8E-8800-3F1A13AB110B}.Release|Any CPU.ActiveCfg = Release|Any CPU
		{32413291-2240-4C8E-8800-3F1A13AB110B}.Release|Any CPU.Build.0 = Release|Any CPU
	EndGlobalSection
	GlobalSection(SolutionProperties) = preSolution
		HideSolutionNode = FALSE
	EndGlobalSection
	GlobalSection(ExtensibilityGlobals) = postSolution
		SolutionGuid = {B051C0D1-32EE-451F-92BB-166E02B3BC81}
	EndGlobalSection
EndGlobal
