
Microsoft Visual Studio Solution File, Format Version 12.00
# Visual Studio Version 17
VisualStudioVersion = 17.7.34031.279
MinimumVisualStudioVersion = 10.0.40219.1
Project("{FAE04EC0-301F-11D3-BF4B-00C04F79EFBC}") = "Самостоятельная_Работа_6_9", "Самостоятельная_Работа_6_9.csproj", "{E05D400C-63F5-4C97-96AC-CBFFB1283A2D}"
EndProject
Global
	GlobalSection(SolutionConfigurationPlatforms) = preSolution
		Debug|Any CPU = Debug|Any CPU
		Release|Any CPU = Release|Any CPU
	EndGlobalSection
	GlobalSection(ProjectConfigurationPlatforms) = postSolution
		{E05D400C-63F5-4C97-96AC-CBFFB1283A2D}.Debug|Any CPU.ActiveCfg = Debug|Any CPU
		{E05D400C-63F5-4C97-96AC-CBFFB1283A2D}.Debug|Any CPU.Build.0 = Debug|Any CPU
		{E05D400C-63F5-4C97-96AC-CBFFB1283A2D}.Release|Any CPU.ActiveCfg = Release|Any CPU
		{E05D400C-63F5-4C97-96AC-CBFFB1283A2D}.Release|Any CPU.Build.0 = Release|Any CPU
	EndGlobalSection
	GlobalSection(SolutionProperties) = preSolution
		HideSolutionNode = FALSE
	EndGlobalSection
	GlobalSection(ExtensibilityGlobals) = postSolution
		SolutionGuid = {3D1CE964-6B56-456F-8283-C2DBEFBEFB3B}
	EndGlobalSection
EndGlobal
