
Microsoft Visual Studio Solution File, Format Version 12.00
# Visual Studio Version 17
VisualStudioVersion = 17.7.34031.279
MinimumVisualStudioVersion = 10.0.40219.1
Project("{FAE04EC0-301F-11D3-BF4B-00C04F79EFBC}") = "058_While_Вычисляем_Порядок_Величины_Целого_Числа", "058_While_Вычисляем_Порядок_Величины_Целого_Числа.csproj", "{A5CC4B76-F32E-4656-9018-62BF0B258895}"
EndProject
Global
	GlobalSection(SolutionConfigurationPlatforms) = preSolution
		Debug|Any CPU = Debug|Any CPU
		Release|Any CPU = Release|Any CPU
	EndGlobalSection
	GlobalSection(ProjectConfigurationPlatforms) = postSolution
		{A5CC4B76-F32E-4656-9018-62BF0B258895}.Debug|Any CPU.ActiveCfg = Debug|Any CPU
		{A5CC4B76-F32E-4656-9018-62BF0B258895}.Debug|Any CPU.Build.0 = Debug|Any CPU
		{A5CC4B76-F32E-4656-9018-62BF0B258895}.Release|Any CPU.ActiveCfg = Release|Any CPU
		{A5CC4B76-F32E-4656-9018-62BF0B258895}.Release|Any CPU.Build.0 = Release|Any CPU
	EndGlobalSection
	GlobalSection(SolutionProperties) = preSolution
		HideSolutionNode = FALSE
	EndGlobalSection
	GlobalSection(ExtensibilityGlobals) = postSolution
		SolutionGuid = {0D4E2BFE-F163-4429-B144-B220FE29937F}
	EndGlobalSection
EndGlobal
