
Microsoft Visual Studio Solution File, Format Version 12.00
# Visual Studio Version 17
VisualStudioVersion = 17.7.34031.279
MinimumVisualStudioVersion = 10.0.40219.1
Project("{FAE04EC0-301F-11D3-BF4B-00C04F79EFBC}") = "090_Length_Трехмерный_Массив", "090_Length_Трехмерный_Массив.csproj", "{43BAA9F7-8928-45DA-B026-2AC4472D6320}"
EndProject
Global
	GlobalSection(SolutionConfigurationPlatforms) = preSolution
		Debug|Any CPU = Debug|Any CPU
		Release|Any CPU = Release|Any CPU
	EndGlobalSection
	GlobalSection(ProjectConfigurationPlatforms) = postSolution
		{43BAA9F7-8928-45DA-B026-2AC4472D6320}.Debug|Any CPU.ActiveCfg = Debug|Any CPU
		{43BAA9F7-8928-45DA-B026-2AC4472D6320}.Debug|Any CPU.Build.0 = Debug|Any CPU
		{43BAA9F7-8928-45DA-B026-2AC4472D6320}.Release|Any CPU.ActiveCfg = Release|Any CPU
		{43BAA9F7-8928-45DA-B026-2AC4472D6320}.Release|Any CPU.Build.0 = Release|Any CPU
	EndGlobalSection
	GlobalSection(SolutionProperties) = preSolution
		HideSolutionNode = FALSE
	EndGlobalSection
	GlobalSection(ExtensibilityGlobals) = postSolution
		SolutionGuid = {2D4931ED-3E8E-4136-8184-F5298E627657}
	EndGlobalSection
EndGlobal
