
Microsoft Visual Studio Solution File, Format Version 12.00
# Visual Studio Version 17
VisualStudioVersion = 17.7.34031.279
MinimumVisualStudioVersion = 10.0.40219.1
Project("{FAE04EC0-301F-11D3-BF4B-00C04F79EFBC}") = "098_Создание_и_Выведение_Символьной_Строки", "098_Создание_и_Выведение_Символьной_Строки.csproj", "{0B6091B7-AD9D-40FA-9772-9F02DC231146}"
EndProject
Global
	GlobalSection(SolutionConfigurationPlatforms) = preSolution
		Debug|Any CPU = Debug|Any CPU
		Release|Any CPU = Release|Any CPU
	EndGlobalSection
	GlobalSection(ProjectConfigurationPlatforms) = postSolution
		{0B6091B7-AD9D-40FA-9772-9F02DC231146}.Debug|Any CPU.ActiveCfg = Debug|Any CPU
		{0B6091B7-AD9D-40FA-9772-9F02DC231146}.Debug|Any CPU.Build.0 = Debug|Any CPU
		{0B6091B7-AD9D-40FA-9772-9F02DC231146}.Release|Any CPU.ActiveCfg = Release|Any CPU
		{0B6091B7-AD9D-40FA-9772-9F02DC231146}.Release|Any CPU.Build.0 = Release|Any CPU
	EndGlobalSection
	GlobalSection(SolutionProperties) = preSolution
		HideSolutionNode = FALSE
	EndGlobalSection
	GlobalSection(ExtensibilityGlobals) = postSolution
		SolutionGuid = {5AF5CA7F-DB48-449B-9304-5F22A2D3BE3F}
	EndGlobalSection
EndGlobal
