
Microsoft Visual Studio Solution File, Format Version 12.00
# Visual Studio Version 17
VisualStudioVersion = 17.7.34031.279
MinimumVisualStudioVersion = 10.0.40219.1
Project("{FAE04EC0-301F-11D3-BF4B-00C04F79EFBC}") = "036_Поразрядный_Оператор_ИЛИ", "036_Поразрядный_Оператор_ИЛИ.csproj", "{42CC5D0A-4F7C-4B65-9BE3-8860103D4350}"
EndProject
Global
	GlobalSection(SolutionConfigurationPlatforms) = preSolution
		Debug|Any CPU = Debug|Any CPU
		Release|Any CPU = Release|Any CPU
	EndGlobalSection
	GlobalSection(ProjectConfigurationPlatforms) = postSolution
		{42CC5D0A-4F7C-4B65-9BE3-8860103D4350}.Debug|Any CPU.ActiveCfg = Debug|Any CPU
		{42CC5D0A-4F7C-4B65-9BE3-8860103D4350}.Debug|Any CPU.Build.0 = Debug|Any CPU
		{42CC5D0A-4F7C-4B65-9BE3-8860103D4350}.Release|Any CPU.ActiveCfg = Release|Any CPU
		{42CC5D0A-4F7C-4B65-9BE3-8860103D4350}.Release|Any CPU.Build.0 = Release|Any CPU
	EndGlobalSection
	GlobalSection(SolutionProperties) = preSolution
		HideSolutionNode = FALSE
	EndGlobalSection
	GlobalSection(ExtensibilityGlobals) = postSolution
		SolutionGuid = {051AE54F-C721-49FA-88F1-9F5A711EB681}
	EndGlobalSection
EndGlobal
