
Microsoft Visual Studio Solution File, Format Version 12.00
# Visual Studio Version 17
VisualStudioVersion = 17.7.34031.279
MinimumVisualStudioVersion = 10.0.40219.1
Project("{FAE04EC0-301F-11D3-BF4B-00C04F79EFBC}") = "3_12_Цикл_for_Третий_Пример_Использования", "3_12_Цикл_for_Третий_Пример_Использования.csproj", "{63DCFE3E-688F-46AD-8F51-518B7961B49A}"
EndProject
Global
	GlobalSection(SolutionConfigurationPlatforms) = preSolution
		Debug|Any CPU = Debug|Any CPU
		Release|Any CPU = Release|Any CPU
	EndGlobalSection
	GlobalSection(ProjectConfigurationPlatforms) = postSolution
		{63DCFE3E-688F-46AD-8F51-518B7961B49A}.Debug|Any CPU.ActiveCfg = Debug|Any CPU
		{63DCFE3E-688F-46AD-8F51-518B7961B49A}.Debug|Any CPU.Build.0 = Debug|Any CPU
		{63DCFE3E-688F-46AD-8F51-518B7961B49A}.Release|Any CPU.ActiveCfg = Release|Any CPU
		{63DCFE3E-688F-46AD-8F51-518B7961B49A}.Release|Any CPU.Build.0 = Release|Any CPU
	EndGlobalSection
	GlobalSection(SolutionProperties) = preSolution
		HideSolutionNode = FALSE
	EndGlobalSection
	GlobalSection(ExtensibilityGlobals) = postSolution
		SolutionGuid = {E3162B38-7C0D-4B8E-9DF4-A492002353F6}
	EndGlobalSection
EndGlobal
