
Microsoft Visual Studio Solution File, Format Version 12.00
# Visual Studio Version 17
VisualStudioVersion = 17.7.34031.279
MinimumVisualStudioVersion = 10.0.40219.1
Project("{FAE04EC0-301F-11D3-BF4B-00C04F79EFBC}") = "085_Суммируем_Значения_По_Диагонали_3_Мерного_Массива", "085_Суммируем_Значения_По_Диагонали_3_Мерного_Массива.csproj", "{A50E5357-5655-40EE-B001-061BDCCA800F}"
EndProject
Global
	GlobalSection(SolutionConfigurationPlatforms) = preSolution
		Debug|Any CPU = Debug|Any CPU
		Release|Any CPU = Release|Any CPU
	EndGlobalSection
	GlobalSection(ProjectConfigurationPlatforms) = postSolution
		{A50E5357-5655-40EE-B001-061BDCCA800F}.Debug|Any CPU.ActiveCfg = Debug|Any CPU
		{A50E5357-5655-40EE-B001-061BDCCA800F}.Debug|Any CPU.Build.0 = Debug|Any CPU
		{A50E5357-5655-40EE-B001-061BDCCA800F}.Release|Any CPU.ActiveCfg = Release|Any CPU
		{A50E5357-5655-40EE-B001-061BDCCA800F}.Release|Any CPU.Build.0 = Release|Any CPU
	EndGlobalSection
	GlobalSection(SolutionProperties) = preSolution
		HideSolutionNode = FALSE
	EndGlobalSection
	GlobalSection(ExtensibilityGlobals) = postSolution
		SolutionGuid = {28A16637-E905-43C7-ACC4-B6BDB32CCFB8}
	EndGlobalSection
EndGlobal
