
Microsoft Visual Studio Solution File, Format Version 12.00
# Visual Studio Version 17
VisualStudioVersion = 17.7.34031.279
MinimumVisualStudioVersion = 10.0.40219.1
Project("{FAE04EC0-301F-11D3-BF4B-00C04F79EFBC}") = "5_5_Механизм_Передачи_Аргументов_Методу", "5_5_Механизм_Передачи_Аргументов_Методу.csproj", "{405666FF-8D31-4308-8722-61570BD32404}"
EndProject
Global
	GlobalSection(SolutionConfigurationPlatforms) = preSolution
		Debug|Any CPU = Debug|Any CPU
		Release|Any CPU = Release|Any CPU
	EndGlobalSection
	GlobalSection(ProjectConfigurationPlatforms) = postSolution
		{405666FF-8D31-4308-8722-61570BD32404}.Debug|Any CPU.ActiveCfg = Debug|Any CPU
		{405666FF-8D31-4308-8722-61570BD32404}.Debug|Any CPU.Build.0 = Debug|Any CPU
		{405666FF-8D31-4308-8722-61570BD32404}.Release|Any CPU.ActiveCfg = Release|Any CPU
		{405666FF-8D31-4308-8722-61570BD32404}.Release|Any CPU.Build.0 = Release|Any CPU
	EndGlobalSection
	GlobalSection(SolutionProperties) = preSolution
		HideSolutionNode = FALSE
	EndGlobalSection
	GlobalSection(ExtensibilityGlobals) = postSolution
		SolutionGuid = {303995AA-2991-4E68-A747-6FCBE3C58E8F}
	EndGlobalSection
EndGlobal
