
Microsoft Visual Studio Solution File, Format Version 12.00
# Visual Studio Version 17
VisualStudioVersion = 17.7.34031.279
MinimumVisualStudioVersion = 10.0.40219.1
Project("{FAE04EC0-301F-11D3-BF4B-00C04F79EFBC}") = "028_Инкремент_Постфиксная_Префиксная_Формы", "028_Инкремент_Постфиксная_Префиксная_Формы.csproj", "{7F38187E-FD5C-4D2B-99A7-A34CE15B0EB8}"
EndProject
Global
	GlobalSection(SolutionConfigurationPlatforms) = preSolution
		Debug|Any CPU = Debug|Any CPU
		Release|Any CPU = Release|Any CPU
	EndGlobalSection
	GlobalSection(ProjectConfigurationPlatforms) = postSolution
		{7F38187E-FD5C-4D2B-99A7-A34CE15B0EB8}.Debug|Any CPU.ActiveCfg = Debug|Any CPU
		{7F38187E-FD5C-4D2B-99A7-A34CE15B0EB8}.Debug|Any CPU.Build.0 = Debug|Any CPU
		{7F38187E-FD5C-4D2B-99A7-A34CE15B0EB8}.Release|Any CPU.ActiveCfg = Release|Any CPU
		{7F38187E-FD5C-4D2B-99A7-A34CE15B0EB8}.Release|Any CPU.Build.0 = Release|Any CPU
	EndGlobalSection
	GlobalSection(SolutionProperties) = preSolution
		HideSolutionNode = FALSE
	EndGlobalSection
	GlobalSection(ExtensibilityGlobals) = postSolution
		SolutionGuid = {873C53FA-4529-45F7-ABB9-25CE2564F69F}
	EndGlobalSection
EndGlobal
