
Microsoft Visual Studio Solution File, Format Version 12.00
# Visual Studio Version 17
VisualStudioVersion = 17.7.34031.279
MinimumVisualStudioVersion = 10.0.40219.1
Project("{FAE04EC0-301F-11D3-BF4B-00C04F79EFBC}") = "4_7_Использование_Цикла_по_Коллекции", "4_7_Использование_Цикла_по_Коллекции.csproj", "{74B7122D-ABCF-47B3-9841-B81766B73722}"
EndProject
Global
	GlobalSection(SolutionConfigurationPlatforms) = preSolution
		Debug|Any CPU = Debug|Any CPU
		Release|Any CPU = Release|Any CPU
	EndGlobalSection
	GlobalSection(ProjectConfigurationPlatforms) = postSolution
		{74B7122D-ABCF-47B3-9841-B81766B73722}.Debug|Any CPU.ActiveCfg = Debug|Any CPU
		{74B7122D-ABCF-47B3-9841-B81766B73722}.Debug|Any CPU.Build.0 = Debug|Any CPU
		{74B7122D-ABCF-47B3-9841-B81766B73722}.Release|Any CPU.ActiveCfg = Release|Any CPU
		{74B7122D-ABCF-47B3-9841-B81766B73722}.Release|Any CPU.Build.0 = Release|Any CPU
	EndGlobalSection
	GlobalSection(SolutionProperties) = preSolution
		HideSolutionNode = FALSE
	EndGlobalSection
	GlobalSection(ExtensibilityGlobals) = postSolution
		SolutionGuid = {5DAA7EBE-D257-4D7C-AE66-A032B2B19C85}
	EndGlobalSection
EndGlobal
