
Microsoft Visual Studio Solution File, Format Version 12.00
# Visual Studio Version 17
VisualStudioVersion = 17.7.34031.279
MinimumVisualStudioVersion = 10.0.40219.1
Project("{FAE04EC0-301F-11D3-BF4B-00C04F79EFBC}") = "Самостоятельная_Работа_6_7", "Самостоятельная_Работа_6_7.csproj", "{67036862-E3F2-45A6-8C91-639468FC3325}"
EndProject
Global
	GlobalSection(SolutionConfigurationPlatforms) = preSolution
		Debug|Any CPU = Debug|Any CPU
		Release|Any CPU = Release|Any CPU
	EndGlobalSection
	GlobalSection(ProjectConfigurationPlatforms) = postSolution
		{67036862-E3F2-45A6-8C91-639468FC3325}.Debug|Any CPU.ActiveCfg = Debug|Any CPU
		{67036862-E3F2-45A6-8C91-639468FC3325}.Debug|Any CPU.Build.0 = Debug|Any CPU
		{67036862-E3F2-45A6-8C91-639468FC3325}.Release|Any CPU.ActiveCfg = Release|Any CPU
		{67036862-E3F2-45A6-8C91-639468FC3325}.Release|Any CPU.Build.0 = Release|Any CPU
	EndGlobalSection
	GlobalSection(SolutionProperties) = preSolution
		HideSolutionNode = FALSE
	EndGlobalSection
	GlobalSection(ExtensibilityGlobals) = postSolution
		SolutionGuid = {68FF9409-57BC-4417-B123-1CA504E2DA44}
	EndGlobalSection
EndGlobal
