
Microsoft Visual Studio Solution File, Format Version 12.00
# Visual Studio Version 17
VisualStudioVersion = 17.7.34031.279
MinimumVisualStudioVersion = 10.0.40219.1
Project("{FAE04EC0-301F-11D3-BF4B-00C04F79EFBC}") = "018_decimal_Представление_в_Валюте", "018_decimal_Представление_в_Валюте.csproj", "{BF372F59-B070-4691-84D8-87A05AA8497D}"
EndProject
Global
	GlobalSection(SolutionConfigurationPlatforms) = preSolution
		Debug|Any CPU = Debug|Any CPU
		Release|Any CPU = Release|Any CPU
	EndGlobalSection
	GlobalSection(ProjectConfigurationPlatforms) = postSolution
		{BF372F59-B070-4691-84D8-87A05AA8497D}.Debug|Any CPU.ActiveCfg = Debug|Any CPU
		{BF372F59-B070-4691-84D8-87A05AA8497D}.Debug|Any CPU.Build.0 = Debug|Any CPU
		{BF372F59-B070-4691-84D8-87A05AA8497D}.Release|Any CPU.ActiveCfg = Release|Any CPU
		{BF372F59-B070-4691-84D8-87A05AA8497D}.Release|Any CPU.Build.0 = Release|Any CPU
	EndGlobalSection
	GlobalSection(SolutionProperties) = preSolution
		HideSolutionNode = FALSE
	EndGlobalSection
	GlobalSection(ExtensibilityGlobals) = postSolution
		SolutionGuid = {A73C5A6D-3926-4195-8A85-D6B0F6CB60BB}
	EndGlobalSection
EndGlobal
