
Microsoft Visual Studio Solution File, Format Version 12.00
# Visual Studio Version 17
VisualStudioVersion = 17.7.34031.279
MinimumVisualStudioVersion = 10.0.40219.1
Project("{FAE04EC0-301F-11D3-BF4B-00C04F79EFBC}") = "4_10_Знакомство_с_Многомерными_Массивами", "4_10_Знакомство_с_Многомерными_Массивами.csproj", "{57F45DDD-4CAA-4187-8D21-81E84E20ACD4}"
EndProject
Global
	GlobalSection(SolutionConfigurationPlatforms) = preSolution
		Debug|Any CPU = Debug|Any CPU
		Release|Any CPU = Release|Any CPU
	EndGlobalSection
	GlobalSection(ProjectConfigurationPlatforms) = postSolution
		{57F45DDD-4CAA-4187-8D21-81E84E20ACD4}.Debug|Any CPU.ActiveCfg = Debug|Any CPU
		{57F45DDD-4CAA-4187-8D21-81E84E20ACD4}.Debug|Any CPU.Build.0 = Debug|Any CPU
		{57F45DDD-4CAA-4187-8D21-81E84E20ACD4}.Release|Any CPU.ActiveCfg = Release|Any CPU
		{57F45DDD-4CAA-4187-8D21-81E84E20ACD4}.Release|Any CPU.Build.0 = Release|Any CPU
	EndGlobalSection
	GlobalSection(SolutionProperties) = preSolution
		HideSolutionNode = FALSE
	EndGlobalSection
	GlobalSection(ExtensibilityGlobals) = postSolution
		SolutionGuid = {E038186A-3CE8-4E67-B10A-ACB3C720EA4C}
	EndGlobalSection
EndGlobal
