
Microsoft Visual Studio Solution File, Format Version 12.00
# Visual Studio Version 17
VisualStudioVersion = 17.7.34031.279
MinimumVisualStudioVersion = 10.0.40219.1
Project("{FAE04EC0-301F-11D3-BF4B-00C04F79EFBC}") = "027_Оператор_%", "027_Оператор_%.csproj", "{F4F13CAE-0D0B-4232-A13C-AFC0CEBF10DC}"
EndProject
Global
	GlobalSection(SolutionConfigurationPlatforms) = preSolution
		Debug|Any CPU = Debug|Any CPU
		Release|Any CPU = Release|Any CPU
	EndGlobalSection
	GlobalSection(ProjectConfigurationPlatforms) = postSolution
		{F4F13CAE-0D0B-4232-A13C-AFC0CEBF10DC}.Debug|Any CPU.ActiveCfg = Debug|Any CPU
		{F4F13CAE-0D0B-4232-A13C-AFC0CEBF10DC}.Debug|Any CPU.Build.0 = Debug|Any CPU
		{F4F13CAE-0D0B-4232-A13C-AFC0CEBF10DC}.Release|Any CPU.ActiveCfg = Release|Any CPU
		{F4F13CAE-0D0B-4232-A13C-AFC0CEBF10DC}.Release|Any CPU.Build.0 = Release|Any CPU
	EndGlobalSection
	GlobalSection(SolutionProperties) = preSolution
		HideSolutionNode = FALSE
	EndGlobalSection
	GlobalSection(ExtensibilityGlobals) = postSolution
		SolutionGuid = {E4C82FB5-00AD-411C-9B05-1B767862D6BB}
	EndGlobalSection
EndGlobal
