
Microsoft Visual Studio Solution File, Format Version 12.00
# Visual Studio Version 17
VisualStudioVersion = 17.7.34031.279
MinimumVisualStudioVersion = 10.0.40219.1
Project("{FAE04EC0-301F-11D3-BF4B-00C04F79EFBC}") = "002", "002.csproj", "{818B6F50-2185-4796-9599-F76DCFEE825D}"
EndProject
Global
	GlobalSection(SolutionConfigurationPlatforms) = preSolution
		Debug|Any CPU = Debug|Any CPU
		Release|Any CPU = Release|Any CPU
	EndGlobalSection
	GlobalSection(ProjectConfigurationPlatforms) = postSolution
		{818B6F50-2185-4796-9599-F76DCFEE825D}.Debug|Any CPU.ActiveCfg = Debug|Any CPU
		{818B6F50-2185-4796-9599-F76DCFEE825D}.Debug|Any CPU.Build.0 = Debug|Any CPU
		{818B6F50-2185-4796-9599-F76DCFEE825D}.Release|Any CPU.ActiveCfg = Release|Any CPU
		{818B6F50-2185-4796-9599-F76DCFEE825D}.Release|Any CPU.Build.0 = Release|Any CPU
	EndGlobalSection
	GlobalSection(SolutionProperties) = preSolution
		HideSolutionNode = FALSE
	EndGlobalSection
	GlobalSection(ExtensibilityGlobals) = postSolution
		SolutionGuid = {F986E9B9-AD2C-405A-9C07-86278F0300DE}
	EndGlobalSection
EndGlobal
