
Microsoft Visual Studio Solution File, Format Version 12.00
# Visual Studio Version 17
VisualStudioVersion = 17.7.34031.279
MinimumVisualStudioVersion = 10.0.40219.1
Project("{FAE04EC0-301F-11D3-BF4B-00C04F79EFBC}") = "029_Операторы_Отношения_и_Логические", "029_Операторы_Отношения_и_Логические.csproj", "{30DE1AA4-4586-478A-AF31-5D8DF9C86A18}"
EndProject
Global
	GlobalSection(SolutionConfigurationPlatforms) = preSolution
		Debug|Any CPU = Debug|Any CPU
		Release|Any CPU = Release|Any CPU
	EndGlobalSection
	GlobalSection(ProjectConfigurationPlatforms) = postSolution
		{30DE1AA4-4586-478A-AF31-5D8DF9C86A18}.Debug|Any CPU.ActiveCfg = Debug|Any CPU
		{30DE1AA4-4586-478A-AF31-5D8DF9C86A18}.Debug|Any CPU.Build.0 = Debug|Any CPU
		{30DE1AA4-4586-478A-AF31-5D8DF9C86A18}.Release|Any CPU.ActiveCfg = Release|Any CPU
		{30DE1AA4-4586-478A-AF31-5D8DF9C86A18}.Release|Any CPU.Build.0 = Release|Any CPU
	EndGlobalSection
	GlobalSection(SolutionProperties) = preSolution
		HideSolutionNode = FALSE
	EndGlobalSection
	GlobalSection(ExtensibilityGlobals) = postSolution
		SolutionGuid = {D65EC5FE-FFD8-4804-BC52-E88DEF3F3537}
	EndGlobalSection
EndGlobal
