
Microsoft Visual Studio Solution File, Format Version 12.00
# Visual Studio Version 17
VisualStudioVersion = 17.7.34031.279
MinimumVisualStudioVersion = 10.0.40219.1
Project("{FAE04EC0-301F-11D3-BF4B-00C04F79EFBC}") = "6_2_Присваивание_Объектов", "6_2_Присваивание_Объектов.csproj", "{23DBF6A4-D72D-4EC6-A74C-E0C03F638DE5}"
EndProject
Global
	GlobalSection(SolutionConfigurationPlatforms) = preSolution
		Debug|Any CPU = Debug|Any CPU
		Release|Any CPU = Release|Any CPU
	EndGlobalSection
	GlobalSection(ProjectConfigurationPlatforms) = postSolution
		{23DBF6A4-D72D-4EC6-A74C-E0C03F638DE5}.Debug|Any CPU.ActiveCfg = Debug|Any CPU
		{23DBF6A4-D72D-4EC6-A74C-E0C03F638DE5}.Debug|Any CPU.Build.0 = Debug|Any CPU
		{23DBF6A4-D72D-4EC6-A74C-E0C03F638DE5}.Release|Any CPU.ActiveCfg = Release|Any CPU
		{23DBF6A4-D72D-4EC6-A74C-E0C03F638DE5}.Release|Any CPU.Build.0 = Release|Any CPU
	EndGlobalSection
	GlobalSection(SolutionProperties) = preSolution
		HideSolutionNode = FALSE
	EndGlobalSection
	GlobalSection(ExtensibilityGlobals) = postSolution
		SolutionGuid = {50ABD43A-6523-4159-9BE2-E5A92CAEAFA4}
	EndGlobalSection
EndGlobal
