
Microsoft Visual Studio Solution File, Format Version 12.00
# Visual Studio Version 17
VisualStudioVersion = 17.7.34031.279
MinimumVisualStudioVersion = 10.0.40219.1
Project("{FAE04EC0-301F-11D3-BF4B-00C04F79EFBC}") = "3_16_Знакомство_с_Перехватом_Исключений_try_catch", "3_16_Знакомство_с_Перехватом_Исключений_try_catch.csproj", "{D3D680AC-112B-4EF2-B1B0-7295EBE3D36F}"
EndProject
Global
	GlobalSection(SolutionConfigurationPlatforms) = preSolution
		Debug|Any CPU = Debug|Any CPU
		Release|Any CPU = Release|Any CPU
	EndGlobalSection
	GlobalSection(ProjectConfigurationPlatforms) = postSolution
		{D3D680AC-112B-4EF2-B1B0-7295EBE3D36F}.Debug|Any CPU.ActiveCfg = Debug|Any CPU
		{D3D680AC-112B-4EF2-B1B0-7295EBE3D36F}.Debug|Any CPU.Build.0 = Debug|Any CPU
		{D3D680AC-112B-4EF2-B1B0-7295EBE3D36F}.Release|Any CPU.ActiveCfg = Release|Any CPU
		{D3D680AC-112B-4EF2-B1B0-7295EBE3D36F}.Release|Any CPU.Build.0 = Release|Any CPU
	EndGlobalSection
	GlobalSection(SolutionProperties) = preSolution
		HideSolutionNode = FALSE
	EndGlobalSection
	GlobalSection(ExtensibilityGlobals) = postSolution
		SolutionGuid = {92FFA148-B005-4871-9981-C524FC59DAEF}
	EndGlobalSection
EndGlobal
