
Microsoft Visual Studio Solution File, Format Version 12.00
# Visual Studio Version 17
VisualStudioVersion = 17.7.34031.279
MinimumVisualStudioVersion = 10.0.40219.1
Project("{FAE04EC0-301F-11D3-BF4B-00C04F79EFBC}") = "034_Поразрядный_И_Определение_Нечетности", "034_Поразрядный_И_Определение_Нечетности.csproj", "{47C16E00-CF4F-4BC7-83DB-969BECF99F28}"
EndProject
Global
	GlobalSection(SolutionConfigurationPlatforms) = preSolution
		Debug|Any CPU = Debug|Any CPU
		Release|Any CPU = Release|Any CPU
	EndGlobalSection
	GlobalSection(ProjectConfigurationPlatforms) = postSolution
		{47C16E00-CF4F-4BC7-83DB-969BECF99F28}.Debug|Any CPU.ActiveCfg = Debug|Any CPU
		{47C16E00-CF4F-4BC7-83DB-969BECF99F28}.Debug|Any CPU.Build.0 = Debug|Any CPU
		{47C16E00-CF4F-4BC7-83DB-969BECF99F28}.Release|Any CPU.ActiveCfg = Release|Any CPU
		{47C16E00-CF4F-4BC7-83DB-969BECF99F28}.Release|Any CPU.Build.0 = Release|Any CPU
	EndGlobalSection
	GlobalSection(SolutionProperties) = preSolution
		HideSolutionNode = FALSE
	EndGlobalSection
	GlobalSection(ExtensibilityGlobals) = postSolution
		SolutionGuid = {2A0BB24B-C8BD-4E8C-B3A9-BF0DB9AB545B}
	EndGlobalSection
EndGlobal
