
Microsoft Visual Studio Solution File, Format Version 12.00
# Visual Studio Version 17
VisualStudioVersion = 17.7.34031.279
MinimumVisualStudioVersion = 10.0.40219.1
Project("{FAE04EC0-301F-11D3-BF4B-00C04F79EFBC}") = "048_Пример_Проваливания_Пустых_Ветвей_Case", "048_Пример_Проваливания_Пустых_Ветвей_Case.csproj", "{71363C69-44F7-4E11-85C9-8867F876FFE6}"
EndProject
Global
	GlobalSection(SolutionConfigurationPlatforms) = preSolution
		Debug|Any CPU = Debug|Any CPU
		Release|Any CPU = Release|Any CPU
	EndGlobalSection
	GlobalSection(ProjectConfigurationPlatforms) = postSolution
		{71363C69-44F7-4E11-85C9-8867F876FFE6}.Debug|Any CPU.ActiveCfg = Debug|Any CPU
		{71363C69-44F7-4E11-85C9-8867F876FFE6}.Debug|Any CPU.Build.0 = Debug|Any CPU
		{71363C69-44F7-4E11-85C9-8867F876FFE6}.Release|Any CPU.ActiveCfg = Release|Any CPU
		{71363C69-44F7-4E11-85C9-8867F876FFE6}.Release|Any CPU.Build.0 = Release|Any CPU
	EndGlobalSection
	GlobalSection(SolutionProperties) = preSolution
		HideSolutionNode = FALSE
	EndGlobalSection
	GlobalSection(ExtensibilityGlobals) = postSolution
		SolutionGuid = {6BEC06F6-C512-45BE-AD11-4095DE861F60}
	EndGlobalSection
EndGlobal
