
Microsoft Visual Studio Solution File, Format Version 12.00
# Visual Studio Version 17
VisualStudioVersion = 17.7.34031.279
MinimumVisualStudioVersion = 10.0.40219.1
Project("{FAE04EC0-301F-11D3-BF4B-00C04F79EFBC}") = "5_6_Передача_Аргументов_по_Ссылке", "5_6_Передача_Аргументов_по_Ссылке.csproj", "{E2580D42-4766-4B36-B97D-F6CAD1A7225F}"
EndProject
Global
	GlobalSection(SolutionConfigurationPlatforms) = preSolution
		Debug|Any CPU = Debug|Any CPU
		Release|Any CPU = Release|Any CPU
	EndGlobalSection
	GlobalSection(ProjectConfigurationPlatforms) = postSolution
		{E2580D42-4766-4B36-B97D-F6CAD1A7225F}.Debug|Any CPU.ActiveCfg = Debug|Any CPU
		{E2580D42-4766-4B36-B97D-F6CAD1A7225F}.Debug|Any CPU.Build.0 = Debug|Any CPU
		{E2580D42-4766-4B36-B97D-F6CAD1A7225F}.Release|Any CPU.ActiveCfg = Release|Any CPU
		{E2580D42-4766-4B36-B97D-F6CAD1A7225F}.Release|Any CPU.Build.0 = Release|Any CPU
	EndGlobalSection
	GlobalSection(SolutionProperties) = preSolution
		HideSolutionNode = FALSE
	EndGlobalSection
	GlobalSection(ExtensibilityGlobals) = postSolution
		SolutionGuid = {C190C495-86FA-4E59-9E1E-002D79A0FF4D}
	EndGlobalSection
EndGlobal
