
Microsoft Visual Studio Solution File, Format Version 12.00
# Visual Studio Version 17
VisualStudioVersion = 17.7.34031.279
MinimumVisualStudioVersion = 10.0.40219.1
Project("{FAE04EC0-301F-11D3-BF4B-00C04F79EFBC}") = "074_Возвращаем_Максимальное_Количество_Жильцов_Building", "074_Возвращаем_Максимальное_Количество_Жильцов_Building.csproj", "{67CD7097-72BB-4F83-890C-3D6C9ABE7958}"
EndProject
Global
	GlobalSection(SolutionConfigurationPlatforms) = preSolution
		Debug|Any CPU = Debug|Any CPU
		Release|Any CPU = Release|Any CPU
	EndGlobalSection
	GlobalSection(ProjectConfigurationPlatforms) = postSolution
		{67CD7097-72BB-4F83-890C-3D6C9ABE7958}.Debug|Any CPU.ActiveCfg = Debug|Any CPU
		{67CD7097-72BB-4F83-890C-3D6C9ABE7958}.Debug|Any CPU.Build.0 = Debug|Any CPU
		{67CD7097-72BB-4F83-890C-3D6C9ABE7958}.Release|Any CPU.ActiveCfg = Release|Any CPU
		{67CD7097-72BB-4F83-890C-3D6C9ABE7958}.Release|Any CPU.Build.0 = Release|Any CPU
	EndGlobalSection
	GlobalSection(SolutionProperties) = preSolution
		HideSolutionNode = FALSE
	EndGlobalSection
	GlobalSection(ExtensibilityGlobals) = postSolution
		SolutionGuid = {910534F7-C4C0-4A83-8D9F-509C9700D246}
	EndGlobalSection
EndGlobal
